
Microsoft Visual Studio Solution File, Format Version 12.00
# Visual Studio Version 16
VisualStudioVersion = 16.0.31424.327
MinimumVisualStudioVersion = 10.0.40219.1
Project("{FAE04EC0-301F-11D3-BF4B-00C04F79EFBC}") = "WPFPresentation", "WPFPresentation\WPFPresentation.csproj", "{34B4B702-C979-4C23-B522-FF5A52056153}"
EndProject
Project("{FAE04EC0-301F-11D3-BF4B-00C04F79EFBC}") = "LogicLayer", "LogicLayer\LogicLayer.csproj", "{8AC8673C-1756-4234-8966-77DF107E867B}"
EndProject
Project("{FAE04EC0-301F-11D3-BF4B-00C04F79EFBC}") = "DataAccessLayer", "DataAccessLayer\DataAccessLayer.csproj", "{D6BE736E-A828-4260-9E77-93C4379E4113}"
EndProject
Project("{FAE04EC0-301F-11D3-BF4B-00C04F79EFBC}") = "DataAccessInterfaces", "DataAccessInterfaces\DataAccessInterfaces.csproj", "{52FF3CC6-53FD-4510-A49F-31DF45E760D3}"
EndProject
Project("{FAE04EC0-301F-11D3-BF4B-00C04F79EFBC}") = "DataObjects", "DataObjects\DataObjects.csproj", "{0F6494C8-7428-4A13-B8D8-06DB2A0A3D3A}"
EndProject
Global
	GlobalSection(SolutionConfigurationPlatforms) = preSolution
		Debug|Any CPU = Debug|Any CPU
		Release|Any CPU = Release|Any CPU
	EndGlobalSection
	GlobalSection(ProjectConfigurationPlatforms) = postSolution
		{34B4B702-C979-4C23-B522-FF5A52056153}.Debug|Any CPU.ActiveCfg = Debug|Any CPU
		{34B4B702-C979-4C23-B522-FF5A52056153}.Debug|Any CPU.Build.0 = Debug|Any CPU
		{34B4B702-C979-4C23-B522-FF5A52056153}.Release|Any CPU.ActiveCfg = Release|Any CPU
		{34B4B702-C979-4C23-B522-FF5A52056153}.Release|Any CPU.Build.0 = Release|Any CPU
		{8AC8673C-1756-4234-8966-77DF107E867B}.Debug|Any CPU.ActiveCfg = Debug|Any CPU
		{8AC8673C-1756-4234-8966-77DF107E867B}.Debug|Any CPU.Build.0 = Debug|Any CPU
		{8AC8673C-1756-4234-8966-77DF107E867B}.Release|Any CPU.ActiveCfg = Release|Any CPU
		{8AC8673C-1756-4234-8966-77DF107E867B}.Release|Any CPU.Build.0 = Release|Any CPU
		{D6BE736E-A828-4260-9E77-93C4379E4113}.Debug|Any CPU.ActiveCfg = Debug|Any CPU
		{D6BE736E-A828-4260-9E77-93C4379E4113}.Debug|Any CPU.Build.0 = Debug|Any CPU
		{D6BE736E-A828-4260-9E77-93C4379E4113}.Release|Any CPU.ActiveCfg = Release|Any CPU
		{D6BE736E-A828-4260-9E77-93C4379E4113}.Release|Any CPU.Build.0 = Release|Any CPU
		{52FF3CC6-53FD-4510-A49F-31DF45E760D3}.Debug|Any CPU.ActiveCfg = Debug|Any CPU
		{52FF3CC6-53FD-4510-A49F-31DF45E760D3}.Debug|Any CPU.Build.0 = Debug|Any CPU
		{52FF3CC6-53FD-4510-A49F-31DF45E760D3}.Release|Any CPU.ActiveCfg = Release|Any CPU
		{52FF3CC6-53FD-4510-A49F-31DF45E760D3}.Release|Any CPU.Build.0 = Release|Any CPU
		{0F6494C8-7428-4A13-B8D8-06DB2A0A3D3A}.Debug|Any CPU.ActiveCfg = Debug|Any CPU
		{0F6494C8-7428-4A13-B8D8-06DB2A0A3D3A}.Debug|Any CPU.Build.0 = Debug|Any CPU
		{0F6494C8-7428-4A13-B8D8-06DB2A0A3D3A}.Release|Any CPU.ActiveCfg = Release|Any CPU
		{0F6494C8-7428-4A13-B8D8-06DB2A0A3D3A}.Release|Any CPU.Build.0 = Release|Any CPU
	EndGlobalSection
	GlobalSection(SolutionProperties) = preSolution
		HideSolutionNode = FALSE
	EndGlobalSection
	GlobalSection(ExtensibilityGlobals) = postSolution
		SolutionGuid = {7C637696-EB7B-4BAE-B1B7-E8FE8B761335}
	EndGlobalSection
EndGlobal
